
Microsoft Visual Studio Solution File, Format Version 12.00
# Visual Studio Version 16
VisualStudioVersion = 16.0.31019.35
MinimumVisualStudioVersion = 10.0.40219.1
Project("{9A19103F-16F7-4668-BE54-9A1E7A4F7556}") = "SerializationDeserializationLib", "SerializationDeserialization\SerializationDeserializationLib.csproj", "{CAB7815E-8FEC-4506-8470-4F2E349CBDD7}"
EndProject
Project("{9A19103F-16F7-4668-BE54-9A1E7A4F7556}") = "Deserialization", "Deserialization\Deserialization.csproj", "{D603839D-5352-4E3B-B775-268EAE14AF9F}"
EndProject
Project("{9A19103F-16F7-4668-BE54-9A1E7A4F7556}") = "Serialization", "Serialization\Serialization.csproj", "{A682CC5F-D301-4FCF-887F-4D38ACC3182F}"
EndProject
Project("{FAE04EC0-301F-11D3-BF4B-00C04F79EFBC}") = "UTest", "UTest\UTest.csproj", "{C9E76FB5-E6F1-4541-BB9B-4CF0A2028647}"
EndProject
Global
	GlobalSection(SolutionConfigurationPlatforms) = preSolution
		Debug|Any CPU = Debug|Any CPU
		Release|Any CPU = Release|Any CPU
	EndGlobalSection
	GlobalSection(ProjectConfigurationPlatforms) = postSolution
		{CAB7815E-8FEC-4506-8470-4F2E349CBDD7}.Debug|Any CPU.ActiveCfg = Debug|Any CPU
		{CAB7815E-8FEC-4506-8470-4F2E349CBDD7}.Debug|Any CPU.Build.0 = Debug|Any CPU
		{CAB7815E-8FEC-4506-8470-4F2E349CBDD7}.Release|Any CPU.ActiveCfg = Release|Any CPU
		{CAB7815E-8FEC-4506-8470-4F2E349CBDD7}.Release|Any CPU.Build.0 = Release|Any CPU
		{D603839D-5352-4E3B-B775-268EAE14AF9F}.Debug|Any CPU.ActiveCfg = Debug|Any CPU
		{D603839D-5352-4E3B-B775-268EAE14AF9F}.Debug|Any CPU.Build.0 = Debug|Any CPU
		{D603839D-5352-4E3B-B775-268EAE14AF9F}.Release|Any CPU.ActiveCfg = Release|Any CPU
		{D603839D-5352-4E3B-B775-268EAE14AF9F}.Release|Any CPU.Build.0 = Release|Any CPU
		{A682CC5F-D301-4FCF-887F-4D38ACC3182F}.Debug|Any CPU.ActiveCfg = Debug|Any CPU
		{A682CC5F-D301-4FCF-887F-4D38ACC3182F}.Debug|Any CPU.Build.0 = Debug|Any CPU
		{A682CC5F-D301-4FCF-887F-4D38ACC3182F}.Release|Any CPU.ActiveCfg = Release|Any CPU
		{A682CC5F-D301-4FCF-887F-4D38ACC3182F}.Release|Any CPU.Build.0 = Release|Any CPU
		{C9E76FB5-E6F1-4541-BB9B-4CF0A2028647}.Debug|Any CPU.ActiveCfg = Debug|Any CPU
		{C9E76FB5-E6F1-4541-BB9B-4CF0A2028647}.Debug|Any CPU.Build.0 = Debug|Any CPU
		{C9E76FB5-E6F1-4541-BB9B-4CF0A2028647}.Release|Any CPU.ActiveCfg = Release|Any CPU
		{C9E76FB5-E6F1-4541-BB9B-4CF0A2028647}.Release|Any CPU.Build.0 = Release|Any CPU
	EndGlobalSection
	GlobalSection(SolutionProperties) = preSolution
		HideSolutionNode = FALSE
	EndGlobalSection
	GlobalSection(ExtensibilityGlobals) = postSolution
		SolutionGuid = {B5C618B7-43FF-44AC-A108-0E1B3F4ABE8F}
	EndGlobalSection
EndGlobal
